// !$*UTF8*$!
{
	archiveVersion = 1;
	classes = {
	};
	objectVersion = 46;
	objects = {

/* Begin PBXBuildFile section */
		7300C6D910BA0622A41D3E2E /* libPods-Cparadise.a in Frameworks */ = {isa = PBXBuildFile; fileRef = 55A7A6F075D0D593E9A36A19 /* libPods-Cparadise.a */; };
		8614F3BB1D39431300C7478C /* UIView+Category.m in Sources */ = {isa = PBXBuildFile; fileRef = 8614F3BA1D39431300C7478C /* UIView+Category.m */; };
		8614F3BE1D394B0000C7478C /* HYRCategory.m in Sources */ = {isa = PBXBuildFile; fileRef = 8614F3BD1D394B0000C7478C /* HYRCategory.m */; };
		8614F3C11D394E0200C7478C /* HYRHttpTool.m in Sources */ = {isa = PBXBuildFile; fileRef = 8614F3C01D394E0200C7478C /* HYRHttpTool.m */; };
		86749A891D3972E200EFE1B8 /* HYRParse.m in Sources */ = {isa = PBXBuildFile; fileRef = 86749A881D3972E200EFE1B8 /* HYRParse.m */; };
		8678C2071D49284D00E00CF0 /* HYRMenusViewController.m in Sources */ = {isa = PBXBuildFile; fileRef = 8678C2061D49284D00E00CF0 /* HYRMenusViewController.m */; };
		8678C20A1D492E7C00E00CF0 /* HYRMenu.m in Sources */ = {isa = PBXBuildFile; fileRef = 8678C2091D492E7C00E00CF0 /* HYRMenu.m */; };
		868AF3F21D4A34EB0059B286 /* HYRDetailSubView.m in Sources */ = {isa = PBXBuildFile; fileRef = 868AF3F11D4A34EB0059B286 /* HYRDetailSubView.m */; };
		868AF3F51D4A6FC30059B286 /* HYRStep.m in Sources */ = {isa = PBXBuildFile; fileRef = 868AF3F41D4A6FC30059B286 /* HYRStep.m */; };
		868AF3F81D4A70050059B286 /* HYRStepCell.m in Sources */ = {isa = PBXBuildFile; fileRef = 868AF3F71D4A70050059B286 /* HYRStepCell.m */; };
		868AF3FB1D4A81210059B286 /* HYRMyViewController.m in Sources */ = {isa = PBXBuildFile; fileRef = 868AF3FA1D4A81210059B286 /* HYRMyViewController.m */; };
		86E3451A1D36AAA2002D6EBC /* main.m in Sources */ = {isa = PBXBuildFile; fileRef = 86E345191D36AAA2002D6EBC /* main.m */; };
		86E345231D36AAA2002D6EBC /* Main.storyboard in Resources */ = {isa = PBXBuildFile; fileRef = 86E345211D36AAA2002D6EBC /* Main.storyboard */; };
		86E345251D36AAA2002D6EBC /* Assets.xcassets in Resources */ = {isa = PBXBuildFile; fileRef = 86E345241D36AAA2002D6EBC /* Assets.xcassets */; };
		86E345281D36AAA2002D6EBC /* LaunchScreen.storyboard in Resources */ = {isa = PBXBuildFile; fileRef = 86E345261D36AAA2002D6EBC /* LaunchScreen.storyboard */; };
		86E345331D36AAA2002D6EBC /* CparadiseTests.m in Sources */ = {isa = PBXBuildFile; fileRef = 86E345321D36AAA2002D6EBC /* CparadiseTests.m */; };
		86E3453E1D36AAA2002D6EBC /* CparadiseUITests.m in Sources */ = {isa = PBXBuildFile; fileRef = 86E3453D1D36AAA2002D6EBC /* CparadiseUITests.m */; };
		86E345561D36B18A002D6EBC /* AppDelegate.m in Sources */ = {isa = PBXBuildFile; fileRef = 86E345531D36B18A002D6EBC /* AppDelegate.m */; };
		86E3455D1D36B1D6002D6EBC /* 1.gif in Resources */ = {isa = PBXBuildFile; fileRef = 86E345581D36B1D6002D6EBC /* 1.gif */; };
		86E3455E1D36B1D6002D6EBC /* 2.gif in Resources */ = {isa = PBXBuildFile; fileRef = 86E345591D36B1D6002D6EBC /* 2.gif */; };
		86E3455F1D36B1D6002D6EBC /* 3.gif in Resources */ = {isa = PBXBuildFile; fileRef = 86E3455A1D36B1D6002D6EBC /* 3.gif */; };
		86E345601D36B1D6002D6EBC /* 4.jpg in Resources */ = {isa = PBXBuildFile; fileRef = 86E3455B1D36B1D6002D6EBC /* 4.jpg */; };
		86E345611D36B1D6002D6EBC /* 5.jpg in Resources */ = {isa = PBXBuildFile; fileRef = 86E3455C1D36B1D6002D6EBC /* 5.jpg */; };
		86E345701D36BA68002D6EBC /* HYRRootViewController.m in Sources */ = {isa = PBXBuildFile; fileRef = 86E3456F1D36BA68002D6EBC /* HYRRootViewController.m */; };
		86E345731D36BCD8002D6EBC /* HYRCategoryViewController.m in Sources */ = {isa = PBXBuildFile; fileRef = 86E345721D36BCD8002D6EBC /* HYRCategoryViewController.m */; };
		86E345761D36C3A8002D6EBC /* HYRCategoryButton.m in Sources */ = {isa = PBXBuildFile; fileRef = 86E345751D36C3A8002D6EBC /* HYRCategoryButton.m */; };
		86FF02BF1D4A13B30090F12C /* HYRMenuCell.m in Sources */ = {isa = PBXBuildFile; fileRef = 86FF02BD1D4A13B30090F12C /* HYRMenuCell.m */; };
		86FF02C01D4A13B30090F12C /* HYRMenuCell.xib in Resources */ = {isa = PBXBuildFile; fileRef = 86FF02BE1D4A13B30090F12C /* HYRMenuCell.xib */; };
		86FF02C31D4A246D0090F12C /* HYRMenuDetailVC.m in Sources */ = {isa = PBXBuildFile; fileRef = 86FF02C21D4A246D0090F12C /* HYRMenuDetailVC.m */; };
		86FF02C61D4A28DA0090F12C /* HYRDetailScrollView.m in Sources */ = {isa = PBXBuildFile; fileRef = 86FF02C51D4A28DA0090F12C /* HYRDetailScrollView.m */; };
		86FF02C91D4A292D0090F12C /* HYRDetailMain.m in Sources */ = {isa = PBXBuildFile; fileRef = 86FF02C81D4A292D0090F12C /* HYRDetailMain.m */; };
		86FF02CF1D4A2E650090F12C /* HYRHeaderImageView.m in Sources */ = {isa = PBXBuildFile; fileRef = 86FF02CE1D4A2E650090F12C /* HYRHeaderImageView.m */; };
/* End PBXBuildFile section */

/* Begin PBXContainerItemProxy section */
		86E3452F1D36AAA2002D6EBC /* PBXContainerItemProxy */ = {
			isa = PBXContainerItemProxy;
			containerPortal = 86E3450D1D36AAA2002D6EBC /* Project object */;
			proxyType = 1;
			remoteGlobalIDString = 86E345141D36AAA2002D6EBC;
			remoteInfo = Cparadise;
		};
		86E3453A1D36AAA2002D6EBC /* PBXContainerItemProxy */ = {
			isa = PBXContainerItemProxy;
			containerPortal = 86E3450D1D36AAA2002D6EBC /* Project object */;
			proxyType = 1;
			remoteGlobalIDString = 86E345141D36AAA2002D6EBC;
			remoteInfo = Cparadise;
		};
/* End PBXContainerItemProxy section */

/* Begin PBXFileReference section */
		55A7A6F075D0D593E9A36A19 /* libPods-Cparadise.a */ = {isa = PBXFileReference; explicitFileType = archive.ar; includeInIndex = 0; path = "libPods-Cparadise.a"; sourceTree = BUILT_PRODUCTS_DIR; };
		6E1E625BB022B40C85998B2B /* Pods-Cparadise.debug.xcconfig */ = {isa = PBXFileReference; includeInIndex = 1; lastKnownFileType = text.xcconfig; name = "Pods-Cparadise.debug.xcconfig"; path = "Pods/Target Support Files/Pods-Cparadise/Pods-Cparadise.debug.xcconfig"; sourceTree = "<group>"; };
		8614F3B91D39431300C7478C /* UIView+Category.h */ = {isa = PBXFileReference; fileEncoding = 4; lastKnownFileType = sourcecode.c.h; path = "UIView+Category.h"; sourceTree = "<group>"; };
		8614F3BA1D39431300C7478C /* UIView+Category.m */ = {isa = PBXFileReference; fileEncoding = 4; lastKnownFileType = sourcecode.c.objc; path = "UIView+Category.m"; sourceTree = "<group>"; };
		8614F3BC1D394B0000C7478C /* HYRCategory.h */ = {isa = PBXFileReference; fileEncoding = 4; lastKnownFileType = sourcecode.c.h; path = HYRCategory.h; sourceTree = "<group>"; };
		8614F3BD1D394B0000C7478C /* HYRCategory.m */ = {isa = PBXFileReference; fileEncoding = 4; lastKnownFileType = sourcecode.c.objc; path = HYRCategory.m; sourceTree = "<group>"; };
		8614F3BF1D394E0200C7478C /* HYRHttpTool.h */ = {isa = PBXFileReference; fileEncoding = 4; lastKnownFileType = sourcecode.c.h; path = HYRHttpTool.h; sourceTree = "<group>"; };
		8614F3C01D394E0200C7478C /* HYRHttpTool.m */ = {isa = PBXFileReference; fileEncoding = 4; lastKnownFileType = sourcecode.c.objc; path = HYRHttpTool.m; sourceTree = "<group>"; };
		86749A871D3972E200EFE1B8 /* HYRParse.h */ = {isa = PBXFileReference; fileEncoding = 4; lastKnownFileType = sourcecode.c.h; path = HYRParse.h; sourceTree = "<group>"; };
		86749A881D3972E200EFE1B8 /* HYRParse.m */ = {isa = PBXFileReference; fileEncoding = 4; lastKnownFileType = sourcecode.c.objc; path = HYRParse.m; sourceTree = "<group>"; };
		86749A8A1D39836100EFE1B8 /* PrefixHeader.pch */ = {isa = PBXFileReference; lastKnownFileType = sourcecode.c.h; path = PrefixHeader.pch; sourceTree = "<group>"; };
		8678C2051D49284D00E00CF0 /* HYRMenusViewController.h */ = {isa = PBXFileReference; fileEncoding = 4; lastKnownFileType = sourcecode.c.h; path = HYRMenusViewController.h; sourceTree = "<group>"; };
		8678C2061D49284D00E00CF0 /* HYRMenusViewController.m */ = {isa = PBXFileReference; fileEncoding = 4; lastKnownFileType = sourcecode.c.objc; path = HYRMenusViewController.m; sourceTree = "<group>"; };
		8678C2081D492E7C00E00CF0 /* HYRMenu.h */ = {isa = PBXFileReference; fileEncoding = 4; lastKnownFileType = sourcecode.c.h; path = HYRMenu.h; sourceTree = "<group>"; };
		8678C2091D492E7C00E00CF0 /* HYRMenu.m */ = {isa = PBXFileReference; fileEncoding = 4; lastKnownFileType = sourcecode.c.objc; path = HYRMenu.m; sourceTree = "<group>"; };
		868AF3F01D4A34EB0059B286 /* HYRDetailSubView.h */ = {isa = PBXFileReference; fileEncoding = 4; lastKnownFileType = sourcecode.c.h; path = HYRDetailSubView.h; sourceTree = "<group>"; };
		868AF3F11D4A34EB0059B286 /* HYRDetailSubView.m */ = {isa = PBXFileReference; fileEncoding = 4; lastKnownFileType = sourcecode.c.objc; path = HYRDetailSubView.m; sourceTree = "<group>"; };
		868AF3F31D4A6FC30059B286 /* HYRStep.h */ = {isa = PBXFileReference; fileEncoding = 4; lastKnownFileType = sourcecode.c.h; path = HYRStep.h; sourceTree = "<group>"; };
		868AF3F41D4A6FC30059B286 /* HYRStep.m */ = {isa = PBXFileReference; fileEncoding = 4; lastKnownFileType = sourcecode.c.objc; path = HYRStep.m; sourceTree = "<group>"; };
		868AF3F61D4A70050059B286 /* HYRStepCell.h */ = {isa = PBXFileReference; fileEncoding = 4; lastKnownFileType = sourcecode.c.h; path = HYRStepCell.h; sourceTree = "<group>"; };
		868AF3F71D4A70050059B286 /* HYRStepCell.m */ = {isa = PBXFileReference; fileEncoding = 4; lastKnownFileType = sourcecode.c.objc; path = HYRStepCell.m; sourceTree = "<group>"; };
		868AF3F91D4A81210059B286 /* HYRMyViewController.h */ = {isa = PBXFileReference; fileEncoding = 4; lastKnownFileType = sourcecode.c.h; path = HYRMyViewController.h; sourceTree = "<group>"; };
		868AF3FA1D4A81210059B286 /* HYRMyViewController.m */ = {isa = PBXFileReference; fileEncoding = 4; lastKnownFileType = sourcecode.c.objc; path = HYRMyViewController.m; sourceTree = "<group>"; };
		86E345151D36AAA2002D6EBC /* Cparadise.app */ = {isa = PBXFileReference; explicitFileType = wrapper.application; includeInIndex = 0; path = Cparadise.app; sourceTree = BUILT_PRODUCTS_DIR; };
		86E345191D36AAA2002D6EBC /* main.m */ = {isa = PBXFileReference; lastKnownFileType = sourcecode.c.objc; path = main.m; sourceTree = "<group>"; };
		86E345221D36AAA2002D6EBC /* Base */ = {isa = PBXFileReference; lastKnownFileType = file.storyboard; name = Base; path = Base.lproj/Main.storyboard; sourceTree = "<group>"; };
		86E345241D36AAA2002D6EBC /* Assets.xcassets */ = {isa = PBXFileReference; lastKnownFileType = folder.assetcatalog; name = Assets.xcassets; path = ../Assets.xcassets; sourceTree = "<group>"; };
		86E345271D36AAA2002D6EBC /* Base */ = {isa = PBXFileReference; lastKnownFileType = file.storyboard; name = Base; path = Base.lproj/LaunchScreen.storyboard; sourceTree = "<group>"; };
		86E345291D36AAA2002D6EBC /* Info.plist */ = {isa = PBXFileReference; lastKnownFileType = text.plist.xml; name = Info.plist; path = ../Info.plist; sourceTree = "<group>"; };
		86E3452E1D36AAA2002D6EBC /* CparadiseTests.xctest */ = {isa = PBXFileReference; explicitFileType = wrapper.cfbundle; includeInIndex = 0; path = CparadiseTests.xctest; sourceTree = BUILT_PRODUCTS_DIR; };
		86E345321D36AAA2002D6EBC /* CparadiseTests.m */ = {isa = PBXFileReference; lastKnownFileType = sourcecode.c.objc; path = CparadiseTests.m; sourceTree = "<group>"; };
		86E345341D36AAA2002D6EBC /* Info.plist */ = {isa = PBXFileReference; lastKnownFileType = text.plist.xml; path = Info.plist; sourceTree = "<group>"; };
		86E345391D36AAA2002D6EBC /* CparadiseUITests.xctest */ = {isa = PBXFileReference; explicitFileType = wrapper.cfbundle; includeInIndex = 0; path = CparadiseUITests.xctest; sourceTree = BUILT_PRODUCTS_DIR; };
		86E3453D1D36AAA2002D6EBC /* CparadiseUITests.m */ = {isa = PBXFileReference; lastKnownFileType = sourcecode.c.objc; path = CparadiseUITests.m; sourceTree = "<group>"; };
		86E3453F1D36AAA2002D6EBC /* Info.plist */ = {isa = PBXFileReference; lastKnownFileType = text.plist.xml; path = Info.plist; sourceTree = "<group>"; };
		86E345521D36B18A002D6EBC /* AppDelegate.h */ = {isa = PBXFileReference; fileEncoding = 4; lastKnownFileType = sourcecode.c.h; path = AppDelegate.h; sourceTree = "<group>"; };
		86E345531D36B18A002D6EBC /* AppDelegate.m */ = {isa = PBXFileReference; fileEncoding = 4; lastKnownFileType = sourcecode.c.objc; path = AppDelegate.m; sourceTree = "<group>"; };
		86E345581D36B1D6002D6EBC /* 1.gif */ = {isa = PBXFileReference; lastKnownFileType = image.gif; path = 1.gif; sourceTree = "<group>"; };
		86E345591D36B1D6002D6EBC /* 2.gif */ = {isa = PBXFileReference; lastKnownFileType = image.gif; path = 2.gif; sourceTree = "<group>"; };
		86E3455A1D36B1D6002D6EBC /* 3.gif */ = {isa = PBXFileReference; lastKnownFileType = image.gif; path = 3.gif; sourceTree = "<group>"; };
		86E3455B1D36B1D6002D6EBC /* 4.jpg */ = {isa = PBXFileReference; lastKnownFileType = image.jpeg; path = 4.jpg; sourceTree = "<group>"; };
		86E3455C1D36B1D6002D6EBC /* 5.jpg */ = {isa = PBXFileReference; lastKnownFileType = image.jpeg; path = 5.jpg; sourceTree = "<group>"; };
		86E3456E1D36BA68002D6EBC /* HYRRootViewController.h */ = {isa = PBXFileReference; fileEncoding = 4; lastKnownFileType = sourcecode.c.h; path = HYRRootViewController.h; sourceTree = "<group>"; };
		86E3456F1D36BA68002D6EBC /* HYRRootViewController.m */ = {isa = PBXFileReference; fileEncoding = 4; lastKnownFileType = sourcecode.c.objc; path = HYRRootViewController.m; sourceTree = "<group>"; };
		86E345711D36BCD8002D6EBC /* HYRCategoryViewController.h */ = {isa = PBXFileReference; fileEncoding = 4; lastKnownFileType = sourcecode.c.h; path = HYRCategoryViewController.h; sourceTree = "<group>"; };
		86E345721D36BCD8002D6EBC /* HYRCategoryViewController.m */ = {isa = PBXFileReference; fileEncoding = 4; lastKnownFileType = sourcecode.c.objc; path = HYRCategoryViewController.m; sourceTree = "<group>"; };
		86E345741D36C3A8002D6EBC /* HYRCategoryButton.h */ = {isa = PBXFileReference; fileEncoding = 4; lastKnownFileType = sourcecode.c.h; path = HYRCategoryButton.h; sourceTree = "<group>"; };
		86E345751D36C3A8002D6EBC /* HYRCategoryButton.m */ = {isa = PBXFileReference; fileEncoding = 4; lastKnownFileType = sourcecode.c.objc; path = HYRCategoryButton.m; sourceTree = "<group>"; };
		86FF02BC1D4A13B30090F12C /* HYRMenuCell.h */ = {isa = PBXFileReference; fileEncoding = 4; lastKnownFileType = sourcecode.c.h; path = HYRMenuCell.h; sourceTree = "<group>"; };
		86FF02BD1D4A13B30090F12C /* HYRMenuCell.m */ = {isa = PBXFileReference; fileEncoding = 4; lastKnownFileType = sourcecode.c.objc; path = HYRMenuCell.m; sourceTree = "<group>"; };
		86FF02BE1D4A13B30090F12C /* HYRMenuCell.xib */ = {isa = PBXFileReference; fileEncoding = 4; lastKnownFileType = file.xib; path = HYRMenuCell.xib; sourceTree = "<group>"; };
		86FF02C11D4A246D0090F12C /* HYRMenuDetailVC.h */ = {isa = PBXFileReference; fileEncoding = 4; lastKnownFileType = sourcecode.c.h; path = HYRMenuDetailVC.h; sourceTree = "<group>"; };
		86FF02C21D4A246D0090F12C /* HYRMenuDetailVC.m */ = {isa = PBXFileReference; fileEncoding = 4; lastKnownFileType = sourcecode.c.objc; path = HYRMenuDetailVC.m; sourceTree = "<group>"; };
		86FF02C41D4A28DA0090F12C /* HYRDetailScrollView.h */ = {isa = PBXFileReference; fileEncoding = 4; lastKnownFileType = sourcecode.c.h; path = HYRDetailScrollView.h; sourceTree = "<group>"; };
		86FF02C51D4A28DA0090F12C /* HYRDetailScrollView.m */ = {isa = PBXFileReference; fileEncoding = 4; lastKnownFileType = sourcecode.c.objc; path = HYRDetailScrollView.m; sourceTree = "<group>"; };
		86FF02C71D4A292D0090F12C /* HYRDetailMain.h */ = {isa = PBXFileReference; fileEncoding = 4; lastKnownFileType = sourcecode.c.h; path = HYRDetailMain.h; sourceTree = "<group>"; };
		86FF02C81D4A292D0090F12C /* HYRDetailMain.m */ = {isa = PBXFileReference; fileEncoding = 4; lastKnownFileType = sourcecode.c.objc; path = HYRDetailMain.m; sourceTree = "<group>"; };
		86FF02CD1D4A2E650090F12C /* HYRHeaderImageView.h */ = {isa = PBXFileReference; fileEncoding = 4; lastKnownFileType = sourcecode.c.h; path = HYRHeaderImageView.h; sourceTree = "<group>"; };
		86FF02CE1D4A2E650090F12C /* HYRHeaderImageView.m */ = {isa = PBXFileReference; fileEncoding = 4; lastKnownFileType = sourcecode.c.objc; path = HYRHeaderImageView.m; sourceTree = "<group>"; };
		B1C5ED33332E1852B04DD939 /* Pods-Cparadise.release.xcconfig */ = {isa = PBXFileReference; includeInIndex = 1; lastKnownFileType = text.xcconfig; name = "Pods-Cparadise.release.xcconfig"; path = "Pods/Target Support Files/Pods-Cparadise/Pods-Cparadise.release.xcconfig"; sourceTree = "<group>"; };
/* End PBXFileReference section */

/* Begin PBXFrameworksBuildPhase section */
		86E345121D36AAA2002D6EBC /* Frameworks */ = {
			isa = PBXFrameworksBuildPhase;
			buildActionMask = 2147483647;
			files = (
				7300C6D910BA0622A41D3E2E /* libPods-Cparadise.a in Frameworks */,
			);
			runOnlyForDeploymentPostprocessing = 0;
		};
		86E3452B1D36AAA2002D6EBC /* Frameworks */ = {
			isa = PBXFrameworksBuildPhase;
			buildActionMask = 2147483647;
			files = (
			);
			runOnlyForDeploymentPostprocessing = 0;
		};
		86E345361D36AAA2002D6EBC /* Frameworks */ = {
			isa = PBXFrameworksBuildPhase;
			buildActionMask = 2147483647;
			files = (
			);
			runOnlyForDeploymentPostprocessing = 0;
		};
/* End PBXFrameworksBuildPhase section */

/* Begin PBXGroup section */
		5D06169FC7F6DDA903D11884 /* Pods */ = {
			isa = PBXGroup;
			children = (
				6E1E625BB022B40C85998B2B /* Pods-Cparadise.debug.xcconfig */,
				B1C5ED33332E1852B04DD939 /* Pods-Cparadise.release.xcconfig */,
			);
			name = Pods;
			sourceTree = "<group>";
		};
		72DE2D1A6DF23ABB19084D6B /* Frameworks */ = {
			isa = PBXGroup;
			children = (
				55A7A6F075D0D593E9A36A19 /* libPods-Cparadise.a */,
			);
			name = Frameworks;
			sourceTree = "<group>";
		};
		86E3450C1D36AAA2002D6EBC = {
			isa = PBXGroup;
			children = (
				86E345171D36AAA2002D6EBC /* Cparadise */,
				86E345311D36AAA2002D6EBC /* CparadiseTests */,
				86E3453C1D36AAA2002D6EBC /* CparadiseUITests */,
				86E345161D36AAA2002D6EBC /* Products */,
				5D06169FC7F6DDA903D11884 /* Pods */,
				72DE2D1A6DF23ABB19084D6B /* Frameworks */,
			);
			sourceTree = "<group>";
		};
		86E345161D36AAA2002D6EBC /* Products */ = {
			isa = PBXGroup;
			children = (
				86E345151D36AAA2002D6EBC /* Cparadise.app */,
				86E3452E1D36AAA2002D6EBC /* CparadiseTests.xctest */,
				86E345391D36AAA2002D6EBC /* CparadiseUITests.xctest */,
			);
			name = Products;
			sourceTree = "<group>";
		};
		86E345171D36AAA2002D6EBC /* Cparadise */ = {
			isa = PBXGroup;
			children = (
				86E345511D36B159002D6EBC /* Main */,
				86E345501D36B14C002D6EBC /* Utilities */,
				86E3454F1D36B11C002D6EBC /* DB */,
				86E3454E1D36B110002D6EBC /* Libs */,
				86E3454D1D36B0FE002D6EBC /* images */,
				86E3454C1D36B0F0002D6EBC /* Category */,
				86E3454B1D36B0D9002D6EBC /* Other */,
				86E345181D36AAA2002D6EBC /* Supporting Files */,
			);
			path = Cparadise;
			sourceTree = "<group>";
		};
		86E345181D36AAA2002D6EBC /* Supporting Files */ = {
			isa = PBXGroup;
			children = (
				86E345191D36AAA2002D6EBC /* main.m */,
			);
			name = "Supporting Files";
			sourceTree = "<group>";
		};
		86E345311D36AAA2002D6EBC /* CparadiseTests */ = {
			isa = PBXGroup;
			children = (
				86E345321D36AAA2002D6EBC /* CparadiseTests.m */,
				86E345341D36AAA2002D6EBC /* Info.plist */,
			);
			path = CparadiseTests;
			sourceTree = "<group>";
		};
		86E3453C1D36AAA2002D6EBC /* CparadiseUITests */ = {
			isa = PBXGroup;
			children = (
				86E3453D1D36AAA2002D6EBC /* CparadiseUITests.m */,
				86E3453F1D36AAA2002D6EBC /* Info.plist */,
			);
			path = CparadiseUITests;
			sourceTree = "<group>";
		};
		86E3454B1D36B0D9002D6EBC /* Other */ = {
			isa = PBXGroup;
			children = (
				86E345291D36AAA2002D6EBC /* Info.plist */,
				86749A8A1D39836100EFE1B8 /* PrefixHeader.pch */,
				86E345261D36AAA2002D6EBC /* LaunchScreen.storyboard */,
				86E345241D36AAA2002D6EBC /* Assets.xcassets */,
				86E345521D36B18A002D6EBC /* AppDelegate.h */,
				86E345531D36B18A002D6EBC /* AppDelegate.m */,
				86E345211D36AAA2002D6EBC /* Main.storyboard */,
			);
			path = Other;
			sourceTree = "<group>";
		};
		86E3454C1D36B0F0002D6EBC /* Category */ = {
			isa = PBXGroup;
			children = (
				8614F3B91D39431300C7478C /* UIView+Category.h */,
				8614F3BA1D39431300C7478C /* UIView+Category.m */,
			);
			path = Category;
			sourceTree = "<group>";
		};
		86E3454D1D36B0FE002D6EBC /* images */ = {
			isa = PBXGroup;
			children = (
				86E345581D36B1D6002D6EBC /* 1.gif */,
				86E345591D36B1D6002D6EBC /* 2.gif */,
				86E3455A1D36B1D6002D6EBC /* 3.gif */,
				86E3455B1D36B1D6002D6EBC /* 4.jpg */,
				86E3455C1D36B1D6002D6EBC /* 5.jpg */,
			);
			path = images;
			sourceTree = "<group>";
		};
		86E3454E1D36B110002D6EBC /* Libs */ = {
			isa = PBXGroup;
			children = (
			);
			path = Libs;
			sourceTree = "<group>";
		};
		86E3454F1D36B11C002D6EBC /* DB */ = {
			isa = PBXGroup;
			children = (
			);
			path = DB;
			sourceTree = "<group>";
		};
		86E345501D36B14C002D6EBC /* Utilities */ = {
			isa = PBXGroup;
			children = (
				8614F3BF1D394E0200C7478C /* HYRHttpTool.h */,
				8614F3C01D394E0200C7478C /* HYRHttpTool.m */,
				86749A871D3972E200EFE1B8 /* HYRParse.h */,
				86749A881D3972E200EFE1B8 /* HYRParse.m */,
			);
			path = Utilities;
			sourceTree = "<group>";
		};
		86E345511D36B159002D6EBC /* Main */ = {
			isa = PBXGroup;
			children = (
				86E345621D36B568002D6EBC /* 首页 */,
				86E345631D36B575002D6EBC /* 我的 */,
				86E345641D36B584002D6EBC /* RootVC */,
			);
			path = Main;
			sourceTree = "<group>";
		};
		86E345621D36B568002D6EBC /* 首页 */ = {
			isa = PBXGroup;
			children = (
				86E345671D36B5BF002D6EBC /* Controller */,
				86E345661D36B5B3002D6EBC /* Model */,
				86E345651D36B5AA002D6EBC /* View */,
			);
			path = "首页";
			sourceTree = "<group>";
		};
		86E345631D36B575002D6EBC /* 我的 */ = {
			isa = PBXGroup;
			children = (
				86E3456A1D36B5E5002D6EBC /* Controller */,
				86E345691D36B5DA002D6EBC /* Model */,
				86E345681D36B5D0002D6EBC /* View */,
			);
			path = "我的";
			sourceTree = "<group>";
		};
		86E345641D36B584002D6EBC /* RootVC */ = {
			isa = PBXGroup;
			children = (
				86E3456E1D36BA68002D6EBC /* HYRRootViewController.h */,
				86E3456F1D36BA68002D6EBC /* HYRRootViewController.m */,
			);
			path = RootVC;
			sourceTree = "<group>";
		};
		86E345651D36B5AA002D6EBC /* View */ = {
			isa = PBXGroup;
			children = (
				86E345741D36C3A8002D6EBC /* HYRCategoryButton.h */,
				86E345751D36C3A8002D6EBC /* HYRCategoryButton.m */,
				86FF02BC1D4A13B30090F12C /* HYRMenuCell.h */,
				86FF02BD1D4A13B30090F12C /* HYRMenuCell.m */,
				86FF02BE1D4A13B30090F12C /* HYRMenuCell.xib */,
				86FF02C41D4A28DA0090F12C /* HYRDetailScrollView.h */,
				86FF02C51D4A28DA0090F12C /* HYRDetailScrollView.m */,
				86FF02C71D4A292D0090F12C /* HYRDetailMain.h */,
				86FF02C81D4A292D0090F12C /* HYRDetailMain.m */,
				86FF02CD1D4A2E650090F12C /* HYRHeaderImageView.h */,
				86FF02CE1D4A2E650090F12C /* HYRHeaderImageView.m */,
				868AF3F01D4A34EB0059B286 /* HYRDetailSubView.h */,
				868AF3F11D4A34EB0059B286 /* HYRDetailSubView.m */,
				868AF3F61D4A70050059B286 /* HYRStepCell.h */,
				868AF3F71D4A70050059B286 /* HYRStepCell.m */,
			);
			path = View;
			sourceTree = "<group>";
		};
		86E345661D36B5B3002D6EBC /* Model */ = {
			isa = PBXGroup;
			children = (
				8614F3BC1D394B0000C7478C /* HYRCategory.h */,
				8614F3BD1D394B0000C7478C /* HYRCategory.m */,
				8678C2081D492E7C00E00CF0 /* HYRMenu.h */,
				8678C2091D492E7C00E00CF0 /* HYRMenu.m */,
				868AF3F31D4A6FC30059B286 /* HYRStep.h */,
				868AF3F41D4A6FC30059B286 /* HYRStep.m */,
			);
			path = Model;
			sourceTree = "<group>";
		};
		86E345671D36B5BF002D6EBC /* Controller */ = {
			isa = PBXGroup;
			children = (
				86E345711D36BCD8002D6EBC /* HYRCategoryViewController.h */,
				86E345721D36BCD8002D6EBC /* HYRCategoryViewController.m */,
				8678C2051D49284D00E00CF0 /* HYRMenusViewController.h */,
				8678C2061D49284D00E00CF0 /* HYRMenusViewController.m */,
				86FF02C11D4A246D0090F12C /* HYRMenuDetailVC.h */,
				86FF02C21D4A246D0090F12C /* HYRMenuDetailVC.m */,
			);
			path = Controller;
			sourceTree = "<group>";
		};
		86E345681D36B5D0002D6EBC /* View */ = {
			isa = PBXGroup;
			children = (
			);
			path = View;
			sourceTree = "<group>";
		};
		86E345691D36B5DA002D6EBC /* Model */ = {
			isa = PBXGroup;
			children = (
			);
			path = Model;
			sourceTree = "<group>";
		};
		86E3456A1D36B5E5002D6EBC /* Controller */ = {
			isa = PBXGroup;
			children = (
				868AF3F91D4A81210059B286 /* HYRMyViewController.h */,
				868AF3FA1D4A81210059B286 /* HYRMyViewController.m */,
			);
			path = Controller;
			sourceTree = "<group>";
		};
/* End PBXGroup section */

/* Begin PBXNativeTarget section */
		86E345141D36AAA2002D6EBC /* Cparadise */ = {
			isa = PBXNativeTarget;
			buildConfigurationList = 86E345421D36AAA2002D6EBC /* Build configuration list for PBXNativeTarget "Cparadise" */;
			buildPhases = (
				02DBA8BA5367B0BF32F86910 /* 📦 Check Pods Manifest.lock */,
				86E345111D36AAA2002D6EBC /* Sources */,
				86E345121D36AAA2002D6EBC /* Frameworks */,
				86E345131D36AAA2002D6EBC /* Resources */,
				4F1D4BF07FDB9543B57323D1 /* 📦 Embed Pods Frameworks */,
				855DF57F1CF66B17E9D5C6DF /* 📦 Copy Pods Resources */,
			);
			buildRules = (
			);
			dependencies = (
			);
			name = Cparadise;
			productName = Cparadise;
			productReference = 86E345151D36AAA2002D6EBC /* Cparadise.app */;
			productType = "com.apple.product-type.application";
		};
		86E3452D1D36AAA2002D6EBC /* CparadiseTests */ = {
			isa = PBXNativeTarget;
			buildConfigurationList = 86E345451D36AAA2002D6EBC /* Build configuration list for PBXNativeTarget "CparadiseTests" */;
			buildPhases = (
				86E3452A1D36AAA2002D6EBC /* Sources */,
				86E3452B1D36AAA2002D6EBC /* Frameworks */,
				86E3452C1D36AAA2002D6EBC /* Resources */,
			);
			buildRules = (
			);
			dependencies = (
				86E345301D36AAA2002D6EBC /* PBXTargetDependency */,
			);
			name = CparadiseTests;
			productName = CparadiseTests;
			productReference = 86E3452E1D36AAA2002D6EBC /* CparadiseTests.xctest */;
			productType = "com.apple.product-type.bundle.unit-test";
		};
		86E345381D36AAA2002D6EBC /* CparadiseUITests */ = {
			isa = PBXNativeTarget;
			buildConfigurationList = 86E345481D36AAA2002D6EBC /* Build configuration list for PBXNativeTarget "CparadiseUITests" */;
			buildPhases = (
				86E345351D36AAA2002D6EBC /* Sources */,
				86E345361D36AAA2002D6EBC /* Frameworks */,
				86E345371D36AAA2002D6EBC /* Resources */,
			);
			buildRules = (
			);
			dependencies = (
				86E3453B1D36AAA2002D6EBC /* PBXTargetDependency */,
			);
			name = CparadiseUITests;
			productName = CparadiseUITests;
			productReference = 86E345391D36AAA2002D6EBC /* CparadiseUITests.xctest */;
			productType = "com.apple.product-type.bundle.ui-testing";
		};
/* End PBXNativeTarget section */

/* Begin PBXProject section */
		86E3450D1D36AAA2002D6EBC /* Project object */ = {
			isa = PBXProject;
			attributes = {
				LastUpgradeCheck = 0800;
				ORGANIZATIONNAME = HYRLoveQi;
				TargetAttributes = {
					86E345141D36AAA2002D6EBC = {
						CreatedOnToolsVersion = 8.0;
						ProvisioningStyle = Automatic;
					};
					86E3452D1D36AAA2002D6EBC = {
						CreatedOnToolsVersion = 8.0;
						ProvisioningStyle = Automatic;
						TestTargetID = 86E345141D36AAA2002D6EBC;
					};
					86E345381D36AAA2002D6EBC = {
						CreatedOnToolsVersion = 8.0;
						ProvisioningStyle = Automatic;
						TestTargetID = 86E345141D36AAA2002D6EBC;
					};
				};
			};
			buildConfigurationList = 86E345101D36AAA2002D6EBC /* Build configuration list for PBXProject "Cparadise" */;
			compatibilityVersion = "Xcode 3.2";
			developmentRegion = English;
			hasScannedForEncodings = 0;
			knownRegions = (
				en,
				Base,
			);
			mainGroup = 86E3450C1D36AAA2002D6EBC;
			productRefGroup = 86E345161D36AAA2002D6EBC /* Products */;
			projectDirPath = "";
			projectRoot = "";
			targets = (
				86E345141D36AAA2002D6EBC /* Cparadise */,
				86E3452D1D36AAA2002D6EBC /* CparadiseTests */,
				86E345381D36AAA2002D6EBC /* CparadiseUITests */,
			);
		};
/* End PBXProject section */

/* Begin PBXResourcesBuildPhase section */
		86E345131D36AAA2002D6EBC /* Resources */ = {
			isa = PBXResourcesBuildPhase;
			buildActionMask = 2147483647;
			files = (
				86E3455F1D36B1D6002D6EBC /* 3.gif in Resources */,
				86E345611D36B1D6002D6EBC /* 5.jpg in Resources */,
				86E345601D36B1D6002D6EBC /* 4.jpg in Resources */,
				86E345281D36AAA2002D6EBC /* LaunchScreen.storyboard in Resources */,
				86E3455E1D36B1D6002D6EBC /* 2.gif in Resources */,
				86E345251D36AAA2002D6EBC /* Assets.xcassets in Resources */,
				86FF02C01D4A13B30090F12C /* HYRMenuCell.xib in Resources */,
				86E3455D1D36B1D6002D6EBC /* 1.gif in Resources */,
				86E345231D36AAA2002D6EBC /* Main.storyboard in Resources */,
			);
			runOnlyForDeploymentPostprocessing = 0;
		};
		86E3452C1D36AAA2002D6EBC /* Resources */ = {
			isa = PBXResourcesBuildPhase;
			buildActionMask = 2147483647;
			files = (
			);
			runOnlyForDeploymentPostprocessing = 0;
		};
		86E345371D36AAA2002D6EBC /* Resources */ = {
			isa = PBXResourcesBuildPhase;
			buildActionMask = 2147483647;
			files = (
			);
			runOnlyForDeploymentPostprocessing = 0;
		};
/* End PBXResourcesBuildPhase section */

/* Begin PBXShellScriptBuildPhase section */
		02DBA8BA5367B0BF32F86910 /* 📦 Check Pods Manifest.lock */ = {
			isa = PBXShellScriptBuildPhase;
			buildActionMask = 2147483647;
			files = (
			);
			inputPaths = (
			);
			name = "📦 Check Pods Manifest.lock";
			outputPaths = (
			);
			runOnlyForDeploymentPostprocessing = 0;
			shellPath = /bin/sh;
			shellScript = "diff \"${PODS_ROOT}/../Podfile.lock\" \"${PODS_ROOT}/Manifest.lock\" > /dev/null\nif [[ $? != 0 ]] ; then\n    cat << EOM\nerror: The sandbox is not in sync with the Podfile.lock. Run 'pod install' or update your CocoaPods installation.\nEOM\n    exit 1\nfi\n";
			showEnvVarsInLog = 0;
		};
		4F1D4BF07FDB9543B57323D1 /* 📦 Embed Pods Frameworks */ = {
			isa = PBXShellScriptBuildPhase;
			buildActionMask = 2147483647;
			files = (
			);
			inputPaths = (
			);
			name = "📦 Embed Pods Frameworks";
			outputPaths = (
			);
			runOnlyForDeploymentPostprocessing = 0;
			shellPath = /bin/sh;
			shellScript = "\"${SRCROOT}/Pods/Target Support Files/Pods-Cparadise/Pods-Cparadise-frameworks.sh\"\n";
			showEnvVarsInLog = 0;
		};
		855DF57F1CF66B17E9D5C6DF /* 📦 Copy Pods Resources */ = {
			isa = PBXShellScriptBuildPhase;
			buildActionMask = 2147483647;
			files = (
			);
			inputPaths = (
			);
			name = "📦 Copy Pods Resources";
			outputPaths = (
			);
			runOnlyForDeploymentPostprocessing = 0;
			shellPath = /bin/sh;
			shellScript = "\"${SRCROOT}/Pods/Target Support Files/Pods-Cparadise/Pods-Cparadise-resources.sh\"\n";
			showEnvVarsInLog = 0;
		};
/* End PBXShellScriptBuildPhase section */

/* Begin PBXSourcesBuildPhase section */
		86E345111D36AAA2002D6EBC /* Sources */ = {
			isa = PBXSourcesBuildPhase;
			buildActionMask = 2147483647;
			files = (
				868AF3FB1D4A81210059B286 /* HYRMyViewController.m in Sources */,
				86E345561D36B18A002D6EBC /* AppDelegate.m in Sources */,
				8678C20A1D492E7C00E00CF0 /* HYRMenu.m in Sources */,
				86FF02C61D4A28DA0090F12C /* HYRDetailScrollView.m in Sources */,
				8614F3C11D394E0200C7478C /* HYRHttpTool.m in Sources */,
				86E345761D36C3A8002D6EBC /* HYRCategoryButton.m in Sources */,
				868AF3F81D4A70050059B286 /* HYRStepCell.m in Sources */,
				86FF02BF1D4A13B30090F12C /* HYRMenuCell.m in Sources */,
				86E345701D36BA68002D6EBC /* HYRRootViewController.m in Sources */,
				86FF02CF1D4A2E650090F12C /* HYRHeaderImageView.m in Sources */,
				8614F3BE1D394B0000C7478C /* HYRCategory.m in Sources */,
				8678C2071D49284D00E00CF0 /* HYRMenusViewController.m in Sources */,
				86E345731D36BCD8002D6EBC /* HYRCategoryViewController.m in Sources */,
				8614F3BB1D39431300C7478C /* UIView+Category.m in Sources */,
				86FF02C31D4A246D0090F12C /* HYRMenuDetailVC.m in Sources */,
				86E3451A1D36AAA2002D6EBC /* main.m in Sources */,
				86749A891D3972E200EFE1B8 /* HYRParse.m in Sources */,
				868AF3F51D4A6FC30059B286 /* HYRStep.m in Sources */,
				868AF3F21D4A34EB0059B286 /* HYRDetailSubView.m in Sources */,
				86FF02C91D4A292D0090F12C /* HYRDetailMain.m in Sources */,
			);
			runOnlyForDeploymentPostprocessing = 0;
		};
		86E3452A1D36AAA2002D6EBC /* Sources */ = {
			isa = PBXSourcesBuildPhase;
			buildActionMask = 2147483647;
			files = (
				86E345331D36AAA2002D6EBC /* CparadiseTests.m in Sources */,
			);
			runOnlyForDeploymentPostprocessing = 0;
		};
		86E345351D36AAA2002D6EBC /* Sources */ = {
			isa = PBXSourcesBuildPhase;
			buildActionMask = 2147483647;
			files = (
				86E3453E1D36AAA2002D6EBC /* CparadiseUITests.m in Sources */,
			);
			runOnlyForDeploymentPostprocessing = 0;
		};
/* End PBXSourcesBuildPhase section */

/* Begin PBXTargetDependency section */
		86E345301D36AAA2002D6EBC /* PBXTargetDependency */ = {
			isa = PBXTargetDependency;
			target = 86E345141D36AAA2002D6EBC /* Cparadise */;
			targetProxy = 86E3452F1D36AAA2002D6EBC /* PBXContainerItemProxy */;
		};
		86E3453B1D36AAA2002D6EBC /* PBXTargetDependency */ = {
			isa = PBXTargetDependency;
			target = 86E345141D36AAA2002D6EBC /* Cparadise */;
			targetProxy = 86E3453A1D36AAA2002D6EBC /* PBXContainerItemProxy */;
		};
/* End PBXTargetDependency section */

/* Begin PBXVariantGroup section */
		86E345211D36AAA2002D6EBC /* Main.storyboard */ = {
			isa = PBXVariantGroup;
			children = (
				86E345221D36AAA2002D6EBC /* Base */,
			);
			name = Main.storyboard;
			path = ..;
			sourceTree = "<group>";
		};
		86E345261D36AAA2002D6EBC /* LaunchScreen.storyboard */ = {
			isa = PBXVariantGroup;
			children = (
				86E345271D36AAA2002D6EBC /* Base */,
			);
			name = LaunchScreen.storyboard;
			path = ..;
			sourceTree = "<group>";
		};
/* End PBXVariantGroup section */

/* Begin XCBuildConfiguration section */
		86E345401D36AAA2002D6EBC /* Debug */ = {
			isa = XCBuildConfiguration;
			buildSettings = {
				ALWAYS_SEARCH_USER_PATHS = NO;
				CLANG_ANALYZER_NONNULL = YES;
				CLANG_CXX_LANGUAGE_STANDARD = "gnu++0x";
				CLANG_CXX_LIBRARY = "libc++";
				CLANG_ENABLE_MODULES = YES;
				CLANG_ENABLE_OBJC_ARC = YES;
				CLANG_WARN_BOOL_CONVERSION = YES;
				CLANG_WARN_CONSTANT_CONVERSION = YES;
				CLANG_WARN_DIRECT_OBJC_ISA_USAGE = YES_ERROR;
				CLANG_WARN_DOCUMENTATION_COMMENTS = YES;
				CLANG_WARN_EMPTY_BODY = YES;
				CLANG_WARN_ENUM_CONVERSION = YES;
				CLANG_WARN_INT_CONVERSION = YES;
				CLANG_WARN_OBJC_ROOT_CLASS = YES_ERROR;
				CLANG_WARN_UNREACHABLE_CODE = YES;
				CLANG_WARN__DUPLICATE_METHOD_MATCH = YES;
				"CODE_SIGN_IDENTITY[sdk=iphoneos*]" = "iPhone Developer";
				COPY_PHASE_STRIP = NO;
				DEBUG_INFORMATION_FORMAT = dwarf;
				ENABLE_STRICT_OBJC_MSGSEND = YES;
				ENABLE_TESTABILITY = YES;
				GCC_C_LANGUAGE_STANDARD = gnu99;
				GCC_DYNAMIC_NO_PIC = NO;
				GCC_NO_COMMON_BLOCKS = YES;
				GCC_OPTIMIZATION_LEVEL = 0;
				GCC_PREPROCESSOR_DEFINITIONS = (
					"DEBUG=1",
					"$(inherited)",
				);
				GCC_WARN_64_TO_32_BIT_CONVERSION = YES;
				GCC_WARN_ABOUT_RETURN_TYPE = YES_ERROR;
				GCC_WARN_UNDECLARED_SELECTOR = YES;
				GCC_WARN_UNINITIALIZED_AUTOS = YES_AGGRESSIVE;
				GCC_WARN_UNUSED_FUNCTION = YES;
				GCC_WARN_UNUSED_VARIABLE = YES;
				IPHONEOS_DEPLOYMENT_TARGET = 10.0;
				MTL_ENABLE_DEBUG_INFO = YES;
				ONLY_ACTIVE_ARCH = YES;
				SDKROOT = iphoneos;
			};
			name = Debug;
		};
		86E345411D36AAA2002D6EBC /* Release */ = {
			isa = XCBuildConfiguration;
			buildSettings = {
				ALWAYS_SEARCH_USER_PATHS = NO;
				CLANG_ANALYZER_NONNULL = YES;
				CLANG_CXX_LANGUAGE_STANDARD = "gnu++0x";
				CLANG_CXX_LIBRARY = "libc++";
				CLANG_ENABLE_MODULES = YES;
				CLANG_ENABLE_OBJC_ARC = YES;
				CLANG_WARN_BOOL_CONVERSION = YES;
				CLANG_WARN_CONSTANT_CONVERSION = YES;
				CLANG_WARN_DIRECT_OBJC_ISA_USAGE = YES_ERROR;
				CLANG_WARN_DOCUMENTATION_COMMENTS = YES;
				CLANG_WARN_EMPTY_BODY = YES;
				CLANG_WARN_ENUM_CONVERSION = YES;
				CLANG_WARN_INT_CONVERSION = YES;
				CLANG_WARN_OBJC_ROOT_CLASS = YES_ERROR;
				CLANG_WARN_UNREACHABLE_CODE = YES;
				CLANG_WARN__DUPLICATE_METHOD_MATCH = YES;
				"CODE_SIGN_IDENTITY[sdk=iphoneos*]" = "iPhone Developer";
				COPY_PHASE_STRIP = NO;
				DEBUG_INFORMATION_FORMAT = "dwarf-with-dsym";
				ENABLE_NS_ASSERTIONS = NO;
				ENABLE_STRICT_OBJC_MSGSEND = YES;
				GCC_C_LANGUAGE_STANDARD = gnu99;
				GCC_NO_COMMON_BLOCKS = YES;
				GCC_WARN_64_TO_32_BIT_CONVERSION = YES;
				GCC_WARN_ABOUT_RETURN_TYPE = YES_ERROR;
				GCC_WARN_UNDECLARED_SELECTOR = YES;
				GCC_WARN_UNINITIALIZED_AUTOS = YES_AGGRESSIVE;
				GCC_WARN_UNUSED_FUNCTION = YES;
				GCC_WARN_UNUSED_VARIABLE = YES;
				IPHONEOS_DEPLOYMENT_TARGET = 10.0;
				MTL_ENABLE_DEBUG_INFO = NO;
				SDKROOT = iphoneos;
				VALIDATE_PRODUCT = YES;
			};
			name = Release;
		};
		86E345431D36AAA2002D6EBC /* Debug */ = {
			isa = XCBuildConfiguration;
			baseConfigurationReference = 6E1E625BB022B40C85998B2B /* Pods-Cparadise.debug.xcconfig */;
			buildSettings = {
				ASSETCATALOG_COMPILER_APPICON_NAME = AppIcon;
				GCC_PRECOMPILE_PREFIX_HEADER = YES;
				GCC_PREFIX_HEADER = /Users/hyrloveqi/Desktop/Cpara/Cparadise/Cparadise/Cparadise/Other/PrefixHeader.pch;
				INFOPLIST_FILE = Cparadise/Info.plist;
				LD_RUNPATH_SEARCH_PATHS = "$(inherited) @executable_path/Frameworks";
				PRODUCT_BUNDLE_IDENTIFIER = com.successful.Cparadise;
				PRODUCT_NAME = "$(TARGET_NAME)";
			};
			name = Debug;
		};
		86E345441D36AAA2002D6EBC /* Release */ = {
			isa = XCBuildConfiguration;
			baseConfigurationReference = B1C5ED33332E1852B04DD939 /* Pods-Cparadise.release.xcconfig */;
			buildSettings = {
				ASSETCATALOG_COMPILER_APPICON_NAME = AppIcon;
				GCC_PRECOMPILE_PREFIX_HEADER = YES;
				GCC_PREFIX_HEADER = /Users/hyrloveqi/Desktop/Cpara/Cparadise/Cparadise/Cparadise/Other/PrefixHeader.pch;
				INFOPLIST_FILE = Cparadise/Info.plist;
				LD_RUNPATH_SEARCH_PATHS = "$(inherited) @executable_path/Frameworks";
				PRODUCT_BUNDLE_IDENTIFIER = com.successful.Cparadise;
				PRODUCT_NAME = "$(TARGET_NAME)";
			};
			name = Release;
		};
		86E345461D36AAA2002D6EBC /* Debug */ = {
			isa = XCBuildConfiguration;
			buildSettings = {
				BUNDLE_LOADER = "$(TEST_HOST)";
				INFOPLIST_FILE = CparadiseTests/Info.plist;
				LD_RUNPATH_SEARCH_PATHS = "$(inherited) @executable_path/Frameworks @loader_path/Frameworks";
				PRODUCT_BUNDLE_IDENTIFIER = com.successful.CparadiseTests;
				PRODUCT_NAME = "$(TARGET_NAME)";
				TEST_HOST = "$(BUILT_PRODUCTS_DIR)/Cparadise.app/Cparadise";
			};
			name = Debug;
		};
		86E345471D36AAA2002D6EBC /* Release */ = {
			isa = XCBuildConfiguration;
			buildSettings = {
				BUNDLE_LOADER = "$(TEST_HOST)";
				INFOPLIST_FILE = CparadiseTests/Info.plist;
				LD_RUNPATH_SEARCH_PATHS = "$(inherited) @executable_path/Frameworks @loader_path/Frameworks";
				PRODUCT_BUNDLE_IDENTIFIER = com.successful.CparadiseTests;
				PRODUCT_NAME = "$(TARGET_NAME)";
				TEST_HOST = "$(BUILT_PRODUCTS_DIR)/Cparadise.app/Cparadise";
			};
			name = Release;
		};
		86E345491D36AAA2002D6EBC /* Debug */ = {
			isa = XCBuildConfiguration;
			buildSettings = {
				INFOPLIST_FILE = CparadiseUITests/Info.plist;
				LD_RUNPATH_SEARCH_PATHS = "$(inherited) @executable_path/Frameworks @loader_path/Frameworks";
				PRODUCT_BUNDLE_IDENTIFIER = com.successful.CparadiseUITests;
				PRODUCT_NAME = "$(TARGET_NAME)";
				TEST_TARGET_NAME = Cparadise;
			};
			name = Debug;
		};
		86E3454A1D36AAA2002D6EBC /* Release */ = {
			isa = XCBuildConfiguration;
			buildSettings = {
				INFOPLIST_FILE = CparadiseUITests/Info.plist;
				LD_RUNPATH_SEARCH_PATHS = "$(inherited) @executable_path/Frameworks @loader_path/Frameworks";
				PRODUCT_BUNDLE_IDENTIFIER = com.successful.CparadiseUITests;
				PRODUCT_NAME = "$(TARGET_NAME)";
				TEST_TARGET_NAME = Cparadise;
			};
			name = Release;
		};
/* End XCBuildConfiguration section */

/* Begin XCConfigurationList section */
		86E345101D36AAA2002D6EBC /* Build configuration list for PBXProject "Cparadise" */ = {
			isa = XCConfigurationList;
			buildConfigurations = (
				86E345401D36AAA2002D6EBC /* Debug */,
				86E345411D36AAA2002D6EBC /* Release */,
			);
			defaultConfigurationIsVisible = 0;
			defaultConfigurationName = Release;
		};
		86E345421D36AAA2002D6EBC /* Build configuration list for PBXNativeTarget "Cparadise" */ = {
			isa = XCConfigurationList;
			buildConfigurations = (
				86E345431D36AAA2002D6EBC /* Debug */,
				86E345441D36AAA2002D6EBC /* Release */,
			);
			defaultConfigurationIsVisible = 0;
			defaultConfigurationName = Release;
		};
		86E345451D36AAA2002D6EBC /* Build configuration list for PBXNativeTarget "CparadiseTests" */ = {
			isa = XCConfigurationList;
			buildConfigurations = (
				86E345461D36AAA2002D6EBC /* Debug */,
				86E345471D36AAA2002D6EBC /* Release */,
			);
			defaultConfigurationIsVisible = 0;
			defaultConfigurationName = Release;
		};
		86E345481D36AAA2002D6EBC /* Build configuration list for PBXNativeTarget "CparadiseUITests" */ = {
			isa = XCConfigurationList;
			buildConfigurations = (
				86E345491D36AAA2002D6EBC /* Debug */,
				86E3454A1D36AAA2002D6EBC /* Release */,
			);
			defaultConfigurationIsVisible = 0;
			defaultConfigurationName = Release;
		};
/* End XCConfigurationList section */
	};
	rootObject = 86E3450D1D36AAA2002D6EBC /* Project object */;
}
